// !$*UTF8*$!
{
	archiveVersion = 1;
	classes = {
	};
	objectVersion = 46;
	objects = {

/* Begin PBXBuildFile section */
		9C12E9741A03F4CD00FDFF37 /* main.cpp in Sources */ = {isa = PBXBuildFile; fileRef = 9C12E9731A03F4CD00FDFF37 /* main.cpp */; };
		9C12E97F1A03F50100FDFF37 /* Card.cpp in Sources */ = {isa = PBXBuildFile; fileRef = 9C12E97D1A03F50100FDFF37 /* Card.cpp */; };
		9C12E9821A05DFB400FDFF37 /* OList.cpp in Sources */ = {isa = PBXBuildFile; fileRef = 9C12E9801A05DFB400FDFF37 /* OList.cpp */; };
		9C12E9851A05DFF400FDFF37 /* Node.cpp in Sources */ = {isa = PBXBuildFile; fileRef = 9C12E9831A05DFF400FDFF37 /* Node.cpp */; };
/* End PBXBuildFile section */

/* Begin PBXCopyFilesBuildPhase section */
		9C12E96E1A03F4CD00FDFF37 /* CopyFiles */ = {
			isa = PBXCopyFilesBuildPhase;
			buildActionMask = 2147483647;
			dstPath = /usr/share/man/man1/;
			dstSubfolderSpec = 0;
			files = (
			);
			runOnlyForDeploymentPostprocessing = 1;
		};
/* End PBXCopyFilesBuildPhase section */

/* Begin PBXFileReference section */
		9C12E9701A03F4CD00FDFF37 /* pg6 */ = {isa = PBXFileReference; explicitFileType = "compiled.mach-o.executable"; includeInIndex = 0; path = pg6; sourceTree = BUILT_PRODUCTS_DIR; };
		9C12E9731A03F4CD00FDFF37 /* main.cpp */ = {isa = PBXFileReference; lastKnownFileType = sourcecode.cpp.cpp; path = main.cpp; sourceTree = "<group>"; };
		9C12E97D1A03F50100FDFF37 /* Card.cpp */ = {isa = PBXFileReference; fileEncoding = 4; lastKnownFileType = sourcecode.cpp.cpp; path = Card.cpp; sourceTree = "<group>"; };
		9C12E97E1A03F50100FDFF37 /* Card.h */ = {isa = PBXFileReference; fileEncoding = 4; lastKnownFileType = sourcecode.c.h; path = Card.h; sourceTree = "<group>"; };
		9C12E9801A05DFB400FDFF37 /* OList.cpp */ = {isa = PBXFileReference; fileEncoding = 4; lastKnownFileType = sourcecode.cpp.cpp; path = OList.cpp; sourceTree = "<group>"; };
		9C12E9811A05DFB400FDFF37 /* OList.h */ = {isa = PBXFileReference; fileEncoding = 4; lastKnownFileType = sourcecode.c.h; path = OList.h; sourceTree = "<group>"; };
		9C12E9831A05DFF400FDFF37 /* Node.cpp */ = {isa = PBXFileReference; fileEncoding = 4; lastKnownFileType = sourcecode.cpp.cpp; path = Node.cpp; sourceTree = "<group>"; };
		9C12E9841A05DFF400FDFF37 /* Node.h */ = {isa = PBXFileReference; fileEncoding = 4; lastKnownFileType = sourcecode.c.h; path = Node.h; sourceTree = "<group>"; };
/* End PBXFileReference section */

/* Begin PBXFrameworksBuildPhase section */
		9C12E96D1A03F4CD00FDFF37 /* Frameworks */ = {
			isa = PBXFrameworksBuildPhase;
			buildActionMask = 2147483647;
			files = (
			);
			runOnlyForDeploymentPostprocessing = 0;
		};
/* End PBXFrameworksBuildPhase section */

/* Begin PBXGroup section */
		9C12E9671A03F4CD00FDFF37 = {
			isa = PBXGroup;
			children = (
				9C12E9721A03F4CD00FDFF37 /* pg6 */,
				9C12E9711A03F4CD00FDFF37 /* Products */,
			);
			sourceTree = "<group>";
		};
		9C12E9711A03F4CD00FDFF37 /* Products */ = {
			isa = PBXGroup;
			children = (
				9C12E9701A03F4CD00FDFF37 /* pg6 */,
			);
			name = Products;
			sourceTree = "<group>";
		};
		9C12E9721A03F4CD00FDFF37 /* pg6 */ = {
			isa = PBXGroup;
			children = (
				9C12E9731A03F4CD00FDFF37 /* main.cpp */,
				9C12E97D1A03F50100FDFF37 /* Card.cpp */,
				9C12E9801A05DFB400FDFF37 /* OList.cpp */,
				9C12E9811A05DFB400FDFF37 /* OList.h */,
				9C12E9831A05DFF400FDFF37 /* Node.cpp */,
				9C12E9841A05DFF400FDFF37 /* Node.h */,
				9C12E97E1A03F50100FDFF37 /* Card.h */,
			);
			path = pg6;
			sourceTree = "<group>";
		};
/* End PBXGroup section */

/* Begin PBXNativeTarget section */
		9C12E96F1A03F4CD00FDFF37 /* pg6 */ = {
			isa = PBXNativeTarget;
			buildConfigurationList = 9C12E9771A03F4CD00FDFF37 /* Build configuration list for PBXNativeTarget "pg6" */;
			buildPhases = (
				9C12E96C1A03F4CD00FDFF37 /* Sources */,
				9C12E96D1A03F4CD00FDFF37 /* Frameworks */,
				9C12E96E1A03F4CD00FDFF37 /* CopyFiles */,
			);
			buildRules = (
			);
			dependencies = (
			);
			name = pg6;
			productName = pg6;
			productReference = 9C12E9701A03F4CD00FDFF37 /* pg6 */;
			productType = "com.apple.product-type.tool";
		};
/* End PBXNativeTarget section */

/* Begin PBXProject section */
		9C12E9681A03F4CD00FDFF37 /* Project object */ = {
			isa = PBXProject;
			attributes = {
				LastUpgradeCheck = 0610;
				ORGANIZATIONNAME = "Alexander Irikura";
				TargetAttributes = {
					9C12E96F1A03F4CD00FDFF37 = {
						CreatedOnToolsVersion = 6.1;
					};
				};
			};
			buildConfigurationList = 9C12E96B1A03F4CD00FDFF37 /* Build configuration list for PBXProject "pg6" */;
			compatibilityVersion = "Xcode 3.2";
			developmentRegion = English;
			hasScannedForEncodings = 0;
			knownRegions = (
				en,
			);
			mainGroup = 9C12E9671A03F4CD00FDFF37;
			productRefGroup = 9C12E9711A03F4CD00FDFF37 /* Products */;
			projectDirPath = "";
			projectRoot = "";
			targets = (
				9C12E96F1A03F4CD00FDFF37 /* pg6 */,
			);
		};
/* End PBXProject section */

/* Begin PBXSourcesBuildPhase section */
		9C12E96C1A03F4CD00FDFF37 /* Sources */ = {
			isa = PBXSourcesBuildPhase;
			buildActionMask = 2147483647;
			files = (
				9C12E9821A05DFB400FDFF37 /* OList.cpp in Sources */,
				9C12E9741A03F4CD00FDFF37 /* main.cpp in Sources */,
				9C12E97F1A03F50100FDFF37 /* Card.cpp in Sources */,
				9C12E9851A05DFF400FDFF37 /* Node.cpp in Sources */,
			);
			runOnlyForDeploymentPostprocessing = 0;
		};
/* End PBXSourcesBuildPhase section */

/* Begin XCBuildConfiguration section */
		9C12E9751A03F4CD00FDFF37 /* Debug */ = {
			isa = XCBuildConfiguration;
			buildSettings = {
				ALWAYS_SEARCH_USER_PATHS = NO;
				CLANG_CXX_LANGUAGE_STANDARD = "gnu++0x";
				CLANG_CXX_LIBRARY = "libc++";
				CLANG_ENABLE_MODULES = YES;
				CLANG_ENABLE_OBJC_ARC = YES;
				CLANG_WARN_BOOL_CONVERSION = YES;
				CLANG_WARN_CONSTANT_CONVERSION = YES;
				CLANG_WARN_DIRECT_OBJC_ISA_USAGE = YES_ERROR;
				CLANG_WARN_EMPTY_BODY = YES;
				CLANG_WARN_ENUM_CONVERSION = YES;
				CLANG_WARN_INT_CONVERSION = YES;
				CLANG_WARN_OBJC_ROOT_CLASS = YES_ERROR;
				CLANG_WARN_UNREACHABLE_CODE = YES;
				CLANG_WARN__DUPLICATE_METHOD_MATCH = YES;
				COPY_PHASE_STRIP = NO;
				ENABLE_STRICT_OBJC_MSGSEND = YES;
				GCC_C_LANGUAGE_STANDARD = gnu99;
				GCC_DYNAMIC_NO_PIC = NO;
				GCC_OPTIMIZATION_LEVEL = 0;
				GCC_PREPROCESSOR_DEFINITIONS = (
					"DEBUG=1",
					"$(inherited)",
				);
				GCC_SYMBOLS_PRIVATE_EXTERN = NO;
				GCC_WARN_64_TO_32_BIT_CONVERSION = YES;
				GCC_WARN_ABOUT_RETURN_TYPE = YES_ERROR;
				GCC_WARN_UNDECLARED_SELECTOR = YES;
				GCC_WARN_UNINITIALIZED_AUTOS = YES_AGGRESSIVE;
				GCC_WARN_UNUSED_FUNCTION = YES;
				GCC_WARN_UNUSED_VARIABLE = YES;
				MACOSX_DEPLOYMENT_TARGET = 10.10;
				MTL_ENABLE_DEBUG_INFO = YES;
				ONLY_ACTIVE_ARCH = YES;
				SDKROOT = macosx;
			};
			name = Debug;
		};
		9C12E9761A03F4CD00FDFF37 /* Release */ = {
			isa = XCBuildConfiguration;
			buildSettings = {
				ALWAYS_SEARCH_USER_PATHS = NO;
				CLANG_CXX_LANGUAGE_STANDARD = "gnu++0x";
				CLANG_CXX_LIBRARY = "libc++";
				CLANG_ENABLE_MODULES = YES;
				CLANG_ENABLE_OBJC_ARC = YES;
				CLANG_WARN_BOOL_CONVERSION = YES;
				CLANG_WARN_CONSTANT_CONVERSION = YES;
				CLANG_WARN_DIRECT_OBJC_ISA_USAGE = YES_ERROR;
				CLANG_WARN_EMPTY_BODY = YES;
				CLANG_WARN_ENUM_CONVERSION = YES;
				CLANG_WARN_INT_CONVERSION = YES;
				CLANG_WARN_OBJC_ROOT_CLASS = YES_ERROR;
				CLANG_WARN_UNREACHABLE_CODE = YES;
				CLANG_WARN__DUPLICATE_METHOD_MATCH = YES;
				COPY_PHASE_STRIP = YES;
				DEBUG_INFORMATION_FORMAT = "dwarf-with-dsym";
				ENABLE_NS_ASSERTIONS = NO;
				ENABLE_STRICT_OBJC_MSGSEND = YES;
				GCC_C_LANGUAGE_STANDARD = gnu99;
				GCC_WARN_64_TO_32_BIT_CONVERSION = YES;
				GCC_WARN_ABOUT_RETURN_TYPE = YES_ERROR;
				GCC_WARN_UNDECLARED_SELECTOR = YES;
				GCC_WARN_UNINITIALIZED_AUTOS = YES_AGGRESSIVE;
				GCC_WARN_UNUSED_FUNCTION = YES;
				GCC_WARN_UNUSED_VARIABLE = YES;
				MACOSX_DEPLOYMENT_TARGET = 10.10;
				MTL_ENABLE_DEBUG_INFO = NO;
				SDKROOT = macosx;
			};
			name = Release;
		};
		9C12E9781A03F4CD00FDFF37 /* Debug */ = {
			isa = XCBuildConfiguration;
			buildSettings = {
				PRODUCT_NAME = "$(TARGET_NAME)";
			};
			name = Debug;
		};
		9C12E9791A03F4CD00FDFF37 /* Release */ = {
			isa = XCBuildConfiguration;
			buildSettings = {
				PRODUCT_NAME = "$(TARGET_NAME)";
			};
			name = Release;
		};
/* End XCBuildConfiguration section */

/* Begin XCConfigurationList section */
		9C12E96B1A03F4CD00FDFF37 /* Build configuration list for PBXProject "pg6" */ = {
			isa = XCConfigurationList;
			buildConfigurations = (
				9C12E9751A03F4CD00FDFF37 /* Debug */,
				9C12E9761A03F4CD00FDFF37 /* Release */,
			);
			defaultConfigurationIsVisible = 0;
			defaultConfigurationName = Release;
		};
		9C12E9771A03F4CD00FDFF37 /* Build configuration list for PBXNativeTarget "pg6" */ = {
			isa = XCConfigurationList;
			buildConfigurations = (
				9C12E9781A03F4CD00FDFF37 /* Debug */,
				9C12E9791A03F4CD00FDFF37 /* Release */,
			);
			defaultConfigurationIsVisible = 0;
		};
/* End XCConfigurationList section */
	};
	rootObject = 9C12E9681A03F4CD00FDFF37 /* Project object */;
}
